{
  "originHash" : "2b9860502c8a9dafaf8bfb5b5054b8e45620314f6055b30cde83810a95f87795",
  "pins" : [
    {
      "identity" : "ciderkit.tween",
      "kind" : "remoteSourceControl",
      "location" : "https://github.com/chsxf/CiderKit.Tween",
      "state" : {
        "branch" : "main",
        "revision" : "5e823a16500f67ed7da41abfb4b02a12d974fcf3"
      }
    }
  ],
  "version" : 3
}
