{
  "originHash" : "2b9860502c8a9dafaf8bfb5b5054b8e45620314f6055b30cde83810a95f87795",
  "pins" : [
    {
      "identity" : "ciderkit.tween",
      "kind" : "remoteSourceControl",
      "location" : "https://github.com/chsxf/CiderKit.Tween",
      "state" : {
        "revision" : "d4c6627f933c40de1ed3f53ecc7205bf0cdaaac7",
        "version" : "0.5.0"
      }
    }
  ],
  "version" : 3
}
