{
  "originHash" : "2b9860502c8a9dafaf8bfb5b5054b8e45620314f6055b30cde83810a95f87795",
  "pins" : [
    {
      "identity" : "ciderkit.tween",
      "kind" : "remoteSourceControl",
      "location" : "https://github.com/chsxf/CiderKit.Tween",
      "state" : {
        "revision" : "dae7f48837f25d5dd40902cf6e7ae29ec08ac222",
        "version" : "0.3.0"
      }
    }
  ],
  "version" : 3
}
